
Microsoft Visual Studio Solution File, Format Version 12.00
# Visual Studio 2012
Project("{FAE04EC0-301F-11D3-BF4B-00C04F79EFBC}") = "ImgResize", "ImgResize\ImgResize.csproj", "{1931C2F7-BAF6-4624-A9F6-0A59DBBE02D4}"
EndProject
Project("{2150E333-8FDC-42A3-9474-1A3956D46DE8}") = "Solution Items", "Solution Items", "{6E865F07-20AB-4CD4-97CD-2984BDD9272C}"
	ProjectSection(SolutionItems) = preProject
		.gitignore = .gitignore
		README.md = README.md
	EndProjectSection
EndProject
Project("{FAE04EC0-301F-11D3-BF4B-00C04F79EFBC}") = "ImgResize.Test", "ImgResize.Test\ImgResize.Test.csproj", "{9F6BB991-1D62-4B3E-A532-6F95A697294B}"
EndProject
Global
	GlobalSection(SolutionConfigurationPlatforms) = preSolution
		Debug|Any CPU = Debug|Any CPU
		Release|Any CPU = Release|Any CPU
	EndGlobalSection
	GlobalSection(ProjectConfigurationPlatforms) = postSolution
		{1931C2F7-BAF6-4624-A9F6-0A59DBBE02D4}.Debug|Any CPU.ActiveCfg = Debug|Any CPU
		{1931C2F7-BAF6-4624-A9F6-0A59DBBE02D4}.Debug|Any CPU.Build.0 = Debug|Any CPU
		{1931C2F7-BAF6-4624-A9F6-0A59DBBE02D4}.Release|Any CPU.ActiveCfg = Release|Any CPU
		{1931C2F7-BAF6-4624-A9F6-0A59DBBE02D4}.Release|Any CPU.Build.0 = Release|Any CPU
		{9F6BB991-1D62-4B3E-A532-6F95A697294B}.Debug|Any CPU.ActiveCfg = Debug|Any CPU
		{9F6BB991-1D62-4B3E-A532-6F95A697294B}.Debug|Any CPU.Build.0 = Debug|Any CPU
		{9F6BB991-1D62-4B3E-A532-6F95A697294B}.Release|Any CPU.ActiveCfg = Release|Any CPU
		{9F6BB991-1D62-4B3E-A532-6F95A697294B}.Release|Any CPU.Build.0 = Release|Any CPU
	EndGlobalSection
	GlobalSection(SolutionProperties) = preSolution
		HideSolutionNode = FALSE
	EndGlobalSection
EndGlobal
